
Microsoft Visual Studio Solution File, Format Version 12.00
# Visual Studio Version 17
VisualStudioVersion = 17.8.34408.163
MinimumVisualStudioVersion = 10.0.40219.1
Project("{FAE04EC0-301F-11D3-BF4B-00C04F79EFBC}") = "SistemaConsumoApiRest.Android", "SistemaConsumoApiRest\SistemaConsumoApiRest.Android\SistemaConsumoApiRest.Android.csproj", "{0186EBFA-8E7A-4CAA-B9FC-6827E6F8EBEF}"
EndProject
Project("{FAE04EC0-301F-11D3-BF4B-00C04F79EFBC}") = "SistemaConsumoApiRest", "SistemaConsumoApiRest\SistemaConsumoApiRest\SistemaConsumoApiRest.csproj", "{10AEA758-9E47-4B95-B742-991446C7EA4A}"
EndProject
Global
	GlobalSection(SolutionConfigurationPlatforms) = preSolution
		Debug|Any CPU = Debug|Any CPU
		Release|Any CPU = Release|Any CPU
	EndGlobalSection
	GlobalSection(ProjectConfigurationPlatforms) = postSolution
		{0186EBFA-8E7A-4CAA-B9FC-6827E6F8EBEF}.Debug|Any CPU.ActiveCfg = Debug|Any CPU
		{0186EBFA-8E7A-4CAA-B9FC-6827E6F8EBEF}.Debug|Any CPU.Build.0 = Debug|Any CPU
		{0186EBFA-8E7A-4CAA-B9FC-6827E6F8EBEF}.Debug|Any CPU.Deploy.0 = Debug|Any CPU
		{0186EBFA-8E7A-4CAA-B9FC-6827E6F8EBEF}.Release|Any CPU.ActiveCfg = Release|Any CPU
		{0186EBFA-8E7A-4CAA-B9FC-6827E6F8EBEF}.Release|Any CPU.Build.0 = Release|Any CPU
		{0186EBFA-8E7A-4CAA-B9FC-6827E6F8EBEF}.Release|Any CPU.Deploy.0 = Release|Any CPU
		{10AEA758-9E47-4B95-B742-991446C7EA4A}.Debug|Any CPU.ActiveCfg = Debug|Any CPU
		{10AEA758-9E47-4B95-B742-991446C7EA4A}.Debug|Any CPU.Build.0 = Debug|Any CPU
		{10AEA758-9E47-4B95-B742-991446C7EA4A}.Debug|Any CPU.Deploy.0 = Debug|Any CPU
		{10AEA758-9E47-4B95-B742-991446C7EA4A}.Release|Any CPU.ActiveCfg = Release|Any CPU
		{10AEA758-9E47-4B95-B742-991446C7EA4A}.Release|Any CPU.Build.0 = Release|Any CPU
		{10AEA758-9E47-4B95-B742-991446C7EA4A}.Release|Any CPU.Deploy.0 = Release|Any CPU
	EndGlobalSection
	GlobalSection(SolutionProperties) = preSolution
		HideSolutionNode = FALSE
	EndGlobalSection
	GlobalSection(ExtensibilityGlobals) = postSolution
		SolutionGuid = {C0BAF376-1518-4858-81EA-2208C53A0A51}
	EndGlobalSection
EndGlobal
